
Microsoft Visual Studio Solution File, Format Version 12.00
# Visual Studio Version 16
VisualStudioVersion = 25.0.1704.2
MinimumVisualStudioVersion = 10.0.40219.1
Project("{FAE04EC0-301F-11D3-BF4B-00C04F79EFBC}") = "DoorLock", "DoorLock\DoorLock.csproj", "{5135231A-E4AE-4C4D-BF30-ADD920516978}"
EndProject
Global
	GlobalSection(SolutionConfigurationPlatforms) = preSolution
		Debug|Any CPU = Debug|Any CPU
		Release|Any CPU = Release|Any CPU
	EndGlobalSection
	GlobalSection(ProjectConfigurationPlatforms) = postSolution
		{5135231A-E4AE-4C4D-BF30-ADD920516978}.Debug|Any CPU.ActiveCfg = Debug|Any CPU
		{5135231A-E4AE-4C4D-BF30-ADD920516978}.Debug|Any CPU.Build.0 = Debug|Any CPU
		{5135231A-E4AE-4C4D-BF30-ADD920516978}.Release|Any CPU.ActiveCfg = Release|Any CPU
		{5135231A-E4AE-4C4D-BF30-ADD920516978}.Release|Any CPU.Build.0 = Release|Any CPU
	EndGlobalSection
	GlobalSection(SolutionProperties) = preSolution
		HideSolutionNode = FALSE
	EndGlobalSection
	GlobalSection(ExtensibilityGlobals) = postSolution
		SolutionGuid = {343DB47C-814A-4466-9E17-9254B1721C71}
	EndGlobalSection
EndGlobal
