
Microsoft Visual Studio Solution File, Format Version 12.00
# Visual Studio Version 16
VisualStudioVersion = 25.0.1704.2
MinimumVisualStudioVersion = 10.0.40219.1
Project("{FAE04EC0-301F-11D3-BF4B-00C04F79EFBC}") = "BasicProblem1005", "BasicProblem1005\BasicProblem1005.csproj", "{DE85D36B-BFE0-40C8-8897-98F41698DA17}"
EndProject
Global
	GlobalSection(SolutionConfigurationPlatforms) = preSolution
		Debug|Any CPU = Debug|Any CPU
		Release|Any CPU = Release|Any CPU
	EndGlobalSection
	GlobalSection(ProjectConfigurationPlatforms) = postSolution
		{DE85D36B-BFE0-40C8-8897-98F41698DA17}.Debug|Any CPU.ActiveCfg = Debug|Any CPU
		{DE85D36B-BFE0-40C8-8897-98F41698DA17}.Debug|Any CPU.Build.0 = Debug|Any CPU
		{DE85D36B-BFE0-40C8-8897-98F41698DA17}.Release|Any CPU.ActiveCfg = Release|Any CPU
		{DE85D36B-BFE0-40C8-8897-98F41698DA17}.Release|Any CPU.Build.0 = Release|Any CPU
	EndGlobalSection
	GlobalSection(SolutionProperties) = preSolution
		HideSolutionNode = FALSE
	EndGlobalSection
	GlobalSection(ExtensibilityGlobals) = postSolution
		SolutionGuid = {13FCC698-FA93-40DD-AC09-557F5DE9FA4B}
	EndGlobalSection
EndGlobal
