
Microsoft Visual Studio Solution File, Format Version 12.00
# Visual Studio Version 16
VisualStudioVersion = 25.0.1704.2
MinimumVisualStudioVersion = 10.0.40219.1
Project("{FAE04EC0-301F-11D3-BF4B-00C04F79EFBC}") = "StudentLise_While", "StudentLise_While\StudentLise_While.csproj", "{EF51D14F-F19F-48A5-ADB3-EAF699C99807}"
EndProject
Global
	GlobalSection(SolutionConfigurationPlatforms) = preSolution
		Debug|Any CPU = Debug|Any CPU
		Release|Any CPU = Release|Any CPU
	EndGlobalSection
	GlobalSection(ProjectConfigurationPlatforms) = postSolution
		{EF51D14F-F19F-48A5-ADB3-EAF699C99807}.Debug|Any CPU.ActiveCfg = Debug|Any CPU
		{EF51D14F-F19F-48A5-ADB3-EAF699C99807}.Debug|Any CPU.Build.0 = Debug|Any CPU
		{EF51D14F-F19F-48A5-ADB3-EAF699C99807}.Release|Any CPU.ActiveCfg = Release|Any CPU
		{EF51D14F-F19F-48A5-ADB3-EAF699C99807}.Release|Any CPU.Build.0 = Release|Any CPU
	EndGlobalSection
	GlobalSection(SolutionProperties) = preSolution
		HideSolutionNode = FALSE
	EndGlobalSection
	GlobalSection(ExtensibilityGlobals) = postSolution
		SolutionGuid = {F3C971C5-997E-472A-A9A1-ED18B3F01B67}
	EndGlobalSection
EndGlobal
