
Microsoft Visual Studio Solution File, Format Version 12.00
# Visual Studio Version 16
VisualStudioVersion = 25.0.1704.2
MinimumVisualStudioVersion = 10.0.40219.1
Project("{FAE04EC0-301F-11D3-BF4B-00C04F79EFBC}") = "chapter3", "chapter3\chapter3.csproj", "{97499E41-2D0D-4BB2-B4C8-D16EC8F5537D}"
EndProject
Global
	GlobalSection(SolutionConfigurationPlatforms) = preSolution
		Debug|Any CPU = Debug|Any CPU
		Release|Any CPU = Release|Any CPU
	EndGlobalSection
	GlobalSection(ProjectConfigurationPlatforms) = postSolution
		{97499E41-2D0D-4BB2-B4C8-D16EC8F5537D}.Debug|Any CPU.ActiveCfg = Debug|Any CPU
		{97499E41-2D0D-4BB2-B4C8-D16EC8F5537D}.Debug|Any CPU.Build.0 = Debug|Any CPU
		{97499E41-2D0D-4BB2-B4C8-D16EC8F5537D}.Release|Any CPU.ActiveCfg = Release|Any CPU
		{97499E41-2D0D-4BB2-B4C8-D16EC8F5537D}.Release|Any CPU.Build.0 = Release|Any CPU
	EndGlobalSection
	GlobalSection(SolutionProperties) = preSolution
		HideSolutionNode = FALSE
	EndGlobalSection
	GlobalSection(ExtensibilityGlobals) = postSolution
		SolutionGuid = {1D2E2060-C6D2-4637-B9DC-B0670193A072}
	EndGlobalSection
EndGlobal
