
Microsoft Visual Studio Solution File, Format Version 12.00
# Visual Studio Version 16
VisualStudioVersion = 25.0.1704.2
MinimumVisualStudioVersion = 10.0.40219.1
Project("{FAE04EC0-301F-11D3-BF4B-00C04F79EFBC}") = "BasicProblem1001", "BasicProblem1001\BasicProblem1001.csproj", "{ACA73696-0771-4200-A00D-BE6371850216}"
EndProject
Global
	GlobalSection(SolutionConfigurationPlatforms) = preSolution
		Debug|Any CPU = Debug|Any CPU
		Release|Any CPU = Release|Any CPU
	EndGlobalSection
	GlobalSection(ProjectConfigurationPlatforms) = postSolution
		{ACA73696-0771-4200-A00D-BE6371850216}.Debug|Any CPU.ActiveCfg = Debug|Any CPU
		{ACA73696-0771-4200-A00D-BE6371850216}.Debug|Any CPU.Build.0 = Debug|Any CPU
		{ACA73696-0771-4200-A00D-BE6371850216}.Release|Any CPU.ActiveCfg = Release|Any CPU
		{ACA73696-0771-4200-A00D-BE6371850216}.Release|Any CPU.Build.0 = Release|Any CPU
	EndGlobalSection
	GlobalSection(SolutionProperties) = preSolution
		HideSolutionNode = FALSE
	EndGlobalSection
	GlobalSection(ExtensibilityGlobals) = postSolution
		SolutionGuid = {AB0195D0-3C5E-4C56-9EEF-67C7E66B08D3}
	EndGlobalSection
EndGlobal
