
Microsoft Visual Studio Solution File, Format Version 12.00
# Visual Studio Version 16
VisualStudioVersion = 25.0.1704.2
MinimumVisualStudioVersion = 10.0.40219.1
Project("{FAE04EC0-301F-11D3-BF4B-00C04F79EFBC}") = "Calculator", "Calculator.csproj", "{86ED481B-EE92-497E-B0BC-EC480A2AB87B}"
EndProject
Global
	GlobalSection(SolutionConfigurationPlatforms) = preSolution
		Debug|Any CPU = Debug|Any CPU
		Release|Any CPU = Release|Any CPU
	EndGlobalSection
	GlobalSection(ProjectConfigurationPlatforms) = postSolution
		{86ED481B-EE92-497E-B0BC-EC480A2AB87B}.Debug|Any CPU.ActiveCfg = Debug|Any CPU
		{86ED481B-EE92-497E-B0BC-EC480A2AB87B}.Debug|Any CPU.Build.0 = Debug|Any CPU
		{86ED481B-EE92-497E-B0BC-EC480A2AB87B}.Release|Any CPU.ActiveCfg = Release|Any CPU
		{86ED481B-EE92-497E-B0BC-EC480A2AB87B}.Release|Any CPU.Build.0 = Release|Any CPU
	EndGlobalSection
	GlobalSection(SolutionProperties) = preSolution
		HideSolutionNode = FALSE
	EndGlobalSection
	GlobalSection(ExtensibilityGlobals) = postSolution
		SolutionGuid = {AE4DFBB3-8E59-4A91-9864-3D1E11C8B977}
	EndGlobalSection
EndGlobal
