
Microsoft Visual Studio Solution File, Format Version 12.00
# Visual Studio Version 16
VisualStudioVersion = 25.0.1704.2
MinimumVisualStudioVersion = 10.0.40219.1
Project("{FAE04EC0-301F-11D3-BF4B-00C04F79EFBC}") = "BasicProblem0605", "BasicProblem0605\BasicProblem0605.csproj", "{209CE0C6-B901-4654-984D-80EEBFF0475C}"
EndProject
Global
	GlobalSection(SolutionConfigurationPlatforms) = preSolution
		Debug|Any CPU = Debug|Any CPU
		Release|Any CPU = Release|Any CPU
	EndGlobalSection
	GlobalSection(ProjectConfigurationPlatforms) = postSolution
		{209CE0C6-B901-4654-984D-80EEBFF0475C}.Debug|Any CPU.ActiveCfg = Debug|Any CPU
		{209CE0C6-B901-4654-984D-80EEBFF0475C}.Debug|Any CPU.Build.0 = Debug|Any CPU
		{209CE0C6-B901-4654-984D-80EEBFF0475C}.Release|Any CPU.ActiveCfg = Release|Any CPU
		{209CE0C6-B901-4654-984D-80EEBFF0475C}.Release|Any CPU.Build.0 = Release|Any CPU
	EndGlobalSection
	GlobalSection(SolutionProperties) = preSolution
		HideSolutionNode = FALSE
	EndGlobalSection
	GlobalSection(ExtensibilityGlobals) = postSolution
		SolutionGuid = {33080DB4-D1AC-42F3-8002-58DE8E3BB170}
	EndGlobalSection
EndGlobal
