
Microsoft Visual Studio Solution File, Format Version 12.00
# Visual Studio Version 16
VisualStudioVersion = 25.0.1704.2
MinimumVisualStudioVersion = 10.0.40219.1
Project("{FAE04EC0-301F-11D3-BF4B-00C04F79EFBC}") = "BasicProblem0602", "BasicProblem0602\BasicProblem0602.csproj", "{611A54A6-8BD1-4782-AFF6-F99D877C3D78}"
EndProject
Global
	GlobalSection(SolutionConfigurationPlatforms) = preSolution
		Debug|Any CPU = Debug|Any CPU
		Release|Any CPU = Release|Any CPU
	EndGlobalSection
	GlobalSection(ProjectConfigurationPlatforms) = postSolution
		{611A54A6-8BD1-4782-AFF6-F99D877C3D78}.Debug|Any CPU.ActiveCfg = Debug|Any CPU
		{611A54A6-8BD1-4782-AFF6-F99D877C3D78}.Debug|Any CPU.Build.0 = Debug|Any CPU
		{611A54A6-8BD1-4782-AFF6-F99D877C3D78}.Release|Any CPU.ActiveCfg = Release|Any CPU
		{611A54A6-8BD1-4782-AFF6-F99D877C3D78}.Release|Any CPU.Build.0 = Release|Any CPU
	EndGlobalSection
	GlobalSection(SolutionProperties) = preSolution
		HideSolutionNode = FALSE
	EndGlobalSection
	GlobalSection(ExtensibilityGlobals) = postSolution
		SolutionGuid = {FDC72CAC-5FC1-4369-AB9E-E8620D2BF2A6}
	EndGlobalSection
EndGlobal
