
Microsoft Visual Studio Solution File, Format Version 12.00
# Visual Studio Version 16
VisualStudioVersion = 25.0.1704.2
MinimumVisualStudioVersion = 10.0.40219.1
Project("{FAE04EC0-301F-11D3-BF4B-00C04F79EFBC}") = "BasicProblem0703", "BasicProblem0703\BasicProblem0703.csproj", "{97E2AA2F-8D0F-4C35-9B1E-05921D2278F7}"
EndProject
Global
	GlobalSection(SolutionConfigurationPlatforms) = preSolution
		Debug|Any CPU = Debug|Any CPU
		Release|Any CPU = Release|Any CPU
	EndGlobalSection
	GlobalSection(ProjectConfigurationPlatforms) = postSolution
		{97E2AA2F-8D0F-4C35-9B1E-05921D2278F7}.Debug|Any CPU.ActiveCfg = Debug|Any CPU
		{97E2AA2F-8D0F-4C35-9B1E-05921D2278F7}.Debug|Any CPU.Build.0 = Debug|Any CPU
		{97E2AA2F-8D0F-4C35-9B1E-05921D2278F7}.Release|Any CPU.ActiveCfg = Release|Any CPU
		{97E2AA2F-8D0F-4C35-9B1E-05921D2278F7}.Release|Any CPU.Build.0 = Release|Any CPU
	EndGlobalSection
	GlobalSection(SolutionProperties) = preSolution
		HideSolutionNode = FALSE
	EndGlobalSection
	GlobalSection(ExtensibilityGlobals) = postSolution
		SolutionGuid = {6C60B4B5-B5FA-401C-B16C-73F38AFEA50A}
	EndGlobalSection
EndGlobal
