
Microsoft Visual Studio Solution File, Format Version 12.00
# Visual Studio Version 16
VisualStudioVersion = 25.0.1704.2
MinimumVisualStudioVersion = 10.0.40219.1
Project("{FAE04EC0-301F-11D3-BF4B-00C04F79EFBC}") = "UltimateBaseball", "UltimateBaseball\UltimateBaseball.csproj", "{52910E48-FC8B-407D-BDBE-7598AE7B265A}"
EndProject
Global
	GlobalSection(SolutionConfigurationPlatforms) = preSolution
		Debug|Any CPU = Debug|Any CPU
		Release|Any CPU = Release|Any CPU
	EndGlobalSection
	GlobalSection(ProjectConfigurationPlatforms) = postSolution
		{52910E48-FC8B-407D-BDBE-7598AE7B265A}.Debug|Any CPU.ActiveCfg = Debug|Any CPU
		{52910E48-FC8B-407D-BDBE-7598AE7B265A}.Debug|Any CPU.Build.0 = Debug|Any CPU
		{52910E48-FC8B-407D-BDBE-7598AE7B265A}.Release|Any CPU.ActiveCfg = Release|Any CPU
		{52910E48-FC8B-407D-BDBE-7598AE7B265A}.Release|Any CPU.Build.0 = Release|Any CPU
	EndGlobalSection
	GlobalSection(SolutionProperties) = preSolution
		HideSolutionNode = FALSE
	EndGlobalSection
	GlobalSection(ExtensibilityGlobals) = postSolution
		SolutionGuid = {26F2E757-C982-4FCF-88E7-CAC7DA6F8BA7}
	EndGlobalSection
EndGlobal
