
Microsoft Visual Studio Solution File, Format Version 12.00
# Visual Studio Version 16
VisualStudioVersion = 25.0.1704.2
MinimumVisualStudioVersion = 10.0.40219.1
Project("{FAE04EC0-301F-11D3-BF4B-00C04F79EFBC}") = "DoorLock_6Num_For", "DoorLock_6Num_For\DoorLock_6Num_For.csproj", "{A80D38D3-5719-4CAC-8E51-BA266EA6C7D5}"
EndProject
Global
	GlobalSection(SolutionConfigurationPlatforms) = preSolution
		Debug|Any CPU = Debug|Any CPU
		Release|Any CPU = Release|Any CPU
	EndGlobalSection
	GlobalSection(ProjectConfigurationPlatforms) = postSolution
		{A80D38D3-5719-4CAC-8E51-BA266EA6C7D5}.Debug|Any CPU.ActiveCfg = Debug|Any CPU
		{A80D38D3-5719-4CAC-8E51-BA266EA6C7D5}.Debug|Any CPU.Build.0 = Debug|Any CPU
		{A80D38D3-5719-4CAC-8E51-BA266EA6C7D5}.Release|Any CPU.ActiveCfg = Release|Any CPU
		{A80D38D3-5719-4CAC-8E51-BA266EA6C7D5}.Release|Any CPU.Build.0 = Release|Any CPU
	EndGlobalSection
	GlobalSection(SolutionProperties) = preSolution
		HideSolutionNode = FALSE
	EndGlobalSection
	GlobalSection(ExtensibilityGlobals) = postSolution
		SolutionGuid = {31A4BDD6-2DD3-403C-AEA5-7D565E09017C}
	EndGlobalSection
EndGlobal
