
Microsoft Visual Studio Solution File, Format Version 12.00
# Visual Studio Version 16
VisualStudioVersion = 25.0.1704.2
MinimumVisualStudioVersion = 10.0.40219.1
Project("{FAE04EC0-301F-11D3-BF4B-00C04F79EFBC}") = "BasicProblem0802", "BasicProblem0802\BasicProblem0802.csproj", "{5AEAC023-607E-4A24-A925-95E8EF91ACA6}"
EndProject
Global
	GlobalSection(SolutionConfigurationPlatforms) = preSolution
		Debug|Any CPU = Debug|Any CPU
		Release|Any CPU = Release|Any CPU
	EndGlobalSection
	GlobalSection(ProjectConfigurationPlatforms) = postSolution
		{5AEAC023-607E-4A24-A925-95E8EF91ACA6}.Debug|Any CPU.ActiveCfg = Debug|Any CPU
		{5AEAC023-607E-4A24-A925-95E8EF91ACA6}.Debug|Any CPU.Build.0 = Debug|Any CPU
		{5AEAC023-607E-4A24-A925-95E8EF91ACA6}.Release|Any CPU.ActiveCfg = Release|Any CPU
		{5AEAC023-607E-4A24-A925-95E8EF91ACA6}.Release|Any CPU.Build.0 = Release|Any CPU
	EndGlobalSection
	GlobalSection(SolutionProperties) = preSolution
		HideSolutionNode = FALSE
	EndGlobalSection
	GlobalSection(ExtensibilityGlobals) = postSolution
		SolutionGuid = {8D06DD8C-CF75-428B-9F17-A879BC9DDA43}
	EndGlobalSection
EndGlobal
